
Microsoft Visual Studio Solution File, Format Version 12.00
Project("{FAE04EC0-301F-11D3-BF4B-00C04F79EFBC}") = "BpSeed.API", "BpSeed.API\BpSeed.API.csproj", "{A5CFEA0B-3797-4C0A-9BBE-BD58E5D56EE8}"
EndProject
Project("{FAE04EC0-301F-11D3-BF4B-00C04F79EFBC}") = "Bp.RouterAliases", "Bp.RouterAliases\Bp.RouterAliases.csproj", "{9138AA44-831A-45E6-BE70-0868E7057D02}"
EndProject
Project("{FAE04EC0-301F-11D3-BF4B-00C04F79EFBC}") = "Components", "Components\Components.csproj", "{284FF4EE-5C90-4AA9-8F4B-CDF937A0E443}"
EndProject
Project("{FAE04EC0-301F-11D3-BF4B-00C04F79EFBC}") = "Bp.Config", "Bp.Config\Bp.Config.csproj", "{A460C55F-7B3F-4033-A1BF-E979BD45AF50}"
EndProject
Project("{FAE04EC0-301F-11D3-BF4B-00C04F79EFBC}") = "Bp.HealthChecks", "Bp.HealthChecks\Bp.HealthChecks.csproj", "{8B0E2FA1-41C1-4F2F-ADA9-A83EFA7614B9}"
EndProject
Project("{FAE04EC0-301F-11D3-BF4B-00C04F79EFBC}") = "Bp.Common", "Bp.Common\Bp.Common.csproj", "{1FC3D9A3-C787-4FF0-B89D-44300FB4055E}"
EndProject
Global
	GlobalSection(SolutionConfigurationPlatforms) = preSolution
		Debug|Any CPU = Debug|Any CPU
		Release|Any CPU = Release|Any CPU
	EndGlobalSection
	GlobalSection(ProjectConfigurationPlatforms) = postSolution
		{A5CFEA0B-3797-4C0A-9BBE-BD58E5D56EE8}.Debug|Any CPU.ActiveCfg = Debug|Any CPU
		{A5CFEA0B-3797-4C0A-9BBE-BD58E5D56EE8}.Debug|Any CPU.Build.0 = Debug|Any CPU
		{A5CFEA0B-3797-4C0A-9BBE-BD58E5D56EE8}.Release|Any CPU.ActiveCfg = Release|Any CPU
		{A5CFEA0B-3797-4C0A-9BBE-BD58E5D56EE8}.Release|Any CPU.Build.0 = Release|Any CPU
		{9138AA44-831A-45E6-BE70-0868E7057D02}.Release|Any CPU.ActiveCfg = Release|Any CPU
		{9138AA44-831A-45E6-BE70-0868E7057D02}.Release|Any CPU.Build.0 = Release|Any CPU
		{9138AA44-831A-45E6-BE70-0868E7057D02}.Debug|Any CPU.ActiveCfg = Release|Any CPU
		{9138AA44-831A-45E6-BE70-0868E7057D02}.Debug|Any CPU.Build.0 = Release|Any CPU
		{284FF4EE-5C90-4AA9-8F4B-CDF937A0E443}.Debug|Any CPU.ActiveCfg = Debug|Any CPU
		{284FF4EE-5C90-4AA9-8F4B-CDF937A0E443}.Debug|Any CPU.Build.0 = Debug|Any CPU
		{284FF4EE-5C90-4AA9-8F4B-CDF937A0E443}.Release|Any CPU.ActiveCfg = Release|Any CPU
		{284FF4EE-5C90-4AA9-8F4B-CDF937A0E443}.Release|Any CPU.Build.0 = Release|Any CPU
		{A460C55F-7B3F-4033-A1BF-E979BD45AF50}.Debug|Any CPU.ActiveCfg = Debug|Any CPU
		{A460C55F-7B3F-4033-A1BF-E979BD45AF50}.Debug|Any CPU.Build.0 = Debug|Any CPU
		{A460C55F-7B3F-4033-A1BF-E979BD45AF50}.Release|Any CPU.ActiveCfg = Release|Any CPU
		{A460C55F-7B3F-4033-A1BF-E979BD45AF50}.Release|Any CPU.Build.0 = Release|Any CPU
		{8B0E2FA1-41C1-4F2F-ADA9-A83EFA7614B9}.Debug|Any CPU.ActiveCfg = Debug|Any CPU
		{8B0E2FA1-41C1-4F2F-ADA9-A83EFA7614B9}.Debug|Any CPU.Build.0 = Debug|Any CPU
		{8B0E2FA1-41C1-4F2F-ADA9-A83EFA7614B9}.Release|Any CPU.ActiveCfg = Release|Any CPU
		{8B0E2FA1-41C1-4F2F-ADA9-A83EFA7614B9}.Release|Any CPU.Build.0 = Release|Any CPU
		{1FC3D9A3-C787-4FF0-B89D-44300FB4055E}.Debug|Any CPU.ActiveCfg = Debug|Any CPU
		{1FC3D9A3-C787-4FF0-B89D-44300FB4055E}.Debug|Any CPU.Build.0 = Debug|Any CPU
		{1FC3D9A3-C787-4FF0-B89D-44300FB4055E}.Release|Any CPU.ActiveCfg = Release|Any CPU
		{1FC3D9A3-C787-4FF0-B89D-44300FB4055E}.Release|Any CPU.Build.0 = Release|Any CPU
	EndGlobalSection
	GlobalSection(NestedProjects) = preSolution
	EndGlobalSection
EndGlobal
